
Microsoft Visual Studio Solution File, Format Version 12.00
# Visual Studio Version 16
VisualStudioVersion = 16.0.30621.155
MinimumVisualStudioVersion = 10.0.40219.1
Project("{FAE04EC0-301F-11D3-BF4B-00C04F79EFBC}") = "DnDDM", "DnDDM.csproj", "{D76AB456-540F-4C10-A126-348964A8B3B3}"
EndProject
Global
	GlobalSection(SolutionConfigurationPlatforms) = preSolution
		Debug|Any CPU = Debug|Any CPU
		Release|Any CPU = Release|Any CPU
	EndGlobalSection
	GlobalSection(ProjectConfigurationPlatforms) = postSolution
		{D76AB456-540F-4C10-A126-348964A8B3B3}.Debug|Any CPU.ActiveCfg = Debug|Any CPU
		{D76AB456-540F-4C10-A126-348964A8B3B3}.Debug|Any CPU.Build.0 = Debug|Any CPU
		{D76AB456-540F-4C10-A126-348964A8B3B3}.Release|Any CPU.ActiveCfg = Release|Any CPU
		{D76AB456-540F-4C10-A126-348964A8B3B3}.Release|Any CPU.Build.0 = Release|Any CPU
	EndGlobalSection
	GlobalSection(SolutionProperties) = preSolution
		HideSolutionNode = FALSE
	EndGlobalSection
	GlobalSection(ExtensibilityGlobals) = postSolution
		SolutionGuid = {58816E61-4D34-4BC8-B314-0C4C4BE97A6B}
	EndGlobalSection
EndGlobal
